
Microsoft Visual Studio Solution File, Format Version 12.00
# Visual Studio Version 17
VisualStudioVersion = 17.5.002.0
MinimumVisualStudioVersion = 10.0.40219.1
Project("{9A19103F-16F7-4668-BE54-9A1E7A4F7556}") = "MvcCafeteria", "MvcCafeteria.csproj", "{8C90875C-B1D4-4917-9EE8-2F4D798A2F9E}"
EndProject
Global
	GlobalSection(SolutionConfigurationPlatforms) = preSolution
		Debug|Any CPU = Debug|Any CPU
		Release|Any CPU = Release|Any CPU
	EndGlobalSection
	GlobalSection(ProjectConfigurationPlatforms) = postSolution
		{8C90875C-B1D4-4917-9EE8-2F4D798A2F9E}.Debug|Any CPU.ActiveCfg = Debug|Any CPU
		{8C90875C-B1D4-4917-9EE8-2F4D798A2F9E}.Debug|Any CPU.Build.0 = Debug|Any CPU
		{8C90875C-B1D4-4917-9EE8-2F4D798A2F9E}.Release|Any CPU.ActiveCfg = Release|Any CPU
		{8C90875C-B1D4-4917-9EE8-2F4D798A2F9E}.Release|Any CPU.Build.0 = Release|Any CPU
	EndGlobalSection
	GlobalSection(SolutionProperties) = preSolution
		HideSolutionNode = FALSE
	EndGlobalSection
	GlobalSection(ExtensibilityGlobals) = postSolution
		SolutionGuid = {A50B0506-F62C-485C-B1A6-23001FE1A33B}
	EndGlobalSection
EndGlobal
